
Microsoft Visual Studio Solution File, Format Version 12.00
# Visual Studio 2015
Project("{FAE04EC0-301F-11D3-BF4B-00C04F79EFBC}") = "GD2BC_hergebruik_training_ronde2.CSharp", "GD2BC_hergebruik_training_ronde2.CSharp.csproj", "{184E3E13-F3AA-1568-96B9-68F7A049D0E1}"
EndProject
Global
	GlobalSection(SolutionConfigurationPlatforms) = preSolution
		Debug|Any CPU = Debug|Any CPU
		Release|Any CPU = Release|Any CPU
	EndGlobalSection
	GlobalSection(ProjectConfigurationPlatforms) = postSolution
		{184E3E13-F3AA-1568-96B9-68F7A049D0E1}.Debug|Any CPU.ActiveCfg = Debug|Any CPU
		{184E3E13-F3AA-1568-96B9-68F7A049D0E1}.Debug|Any CPU.Build.0 = Debug|Any CPU
		{184E3E13-F3AA-1568-96B9-68F7A049D0E1}.Release|Any CPU.ActiveCfg = Release|Any CPU
		{184E3E13-F3AA-1568-96B9-68F7A049D0E1}.Release|Any CPU.Build.0 = Release|Any CPU
	EndGlobalSection
	GlobalSection(SolutionProperties) = preSolution
		HideSolutionNode = FALSE
	EndGlobalSection
EndGlobal
