Microsoft Visual Studio Solution File, Format Version 11.00
# Visual Studio 2008

Project("{28FAA946-A907-5F61-17E9-573F314117AA}") = "GD2BC_hergebruik_training_ronde2", "Assembly-CSharp.csproj", "{66DC3CF5-F89A-E628-1B7E-BBCCDBD167E3}"
EndProject
Global
	GlobalSection(SolutionConfigurationPlatforms) = preSolution
		Debug|Any CPU = Debug|Any CPU
		Release|Any CPU = Release|Any CPU
	EndGlobalSection
	GlobalSection(ProjectConfigurationPlatforms) = postSolution
		{66DC3CF5-F89A-E628-1B7E-BBCCDBD167E3}.Debug|Any CPU.ActiveCfg = Debug|Any CPU
		{66DC3CF5-F89A-E628-1B7E-BBCCDBD167E3}.Debug|Any CPU.Build.0 = Debug|Any CPU
		{66DC3CF5-F89A-E628-1B7E-BBCCDBD167E3}.Release|Any CPU.ActiveCfg = Release|Any CPU
		{66DC3CF5-F89A-E628-1B7E-BBCCDBD167E3}.Release|Any CPU.Build.0 = Release|Any CPU
	EndGlobalSection
	GlobalSection(SolutionProperties) = preSolution
		HideSolutionNode = FALSE
	EndGlobalSection
	GlobalSection(MonoDevelopProperties) = preSolution
		StartupItem = Assembly-CSharp.csproj
	EndGlobalSection
EndGlobal
