
Microsoft Visual Studio Solution File, Format Version 12.00
# Visual Studio 2015
Project("{FAE04EC0-301F-11D3-BF4B-00C04F79EFBC}") = "mini.CSharp", "mini.CSharp.csproj", "{6CCC78C7-3667-43CB-18DA-E26E80814C1E}"
EndProject
Global
	GlobalSection(SolutionConfigurationPlatforms) = preSolution
		Debug|Any CPU = Debug|Any CPU
		Release|Any CPU = Release|Any CPU
	EndGlobalSection
	GlobalSection(ProjectConfigurationPlatforms) = postSolution
		{6CCC78C7-3667-43CB-18DA-E26E80814C1E}.Debug|Any CPU.ActiveCfg = Debug|Any CPU
		{6CCC78C7-3667-43CB-18DA-E26E80814C1E}.Debug|Any CPU.Build.0 = Debug|Any CPU
		{6CCC78C7-3667-43CB-18DA-E26E80814C1E}.Release|Any CPU.ActiveCfg = Release|Any CPU
		{6CCC78C7-3667-43CB-18DA-E26E80814C1E}.Release|Any CPU.Build.0 = Release|Any CPU
	EndGlobalSection
	GlobalSection(SolutionProperties) = preSolution
		HideSolutionNode = FALSE
	EndGlobalSection
EndGlobal
